Microsoft Visual Studio Solution File, Format Version 12.00
# Visual Studio Version 17
VisualStudioVersion = 17.5.2.0
MinimumVisualStudioVersion = 10.0.40219.1
Project("{FAE04EC0-301F-11D3-BF4B-00C04F79EFBC}") = "ReoNet.Api", "ReoNet.Api.csproj", "{66645154-A183-7C14-5D63-295B714B9288}"
EndProject
Global
	GlobalSection(SolutionConfigurationPlatforms) = preSolution
		Debug|Any CPU = Debug|Any CPU
		Release|Any CPU = Release|Any CPU
	EndGlobalSection
	GlobalSection(ProjectConfigurationPlatforms) = postSolution
		{66645154-A183-7C14-5D63-295B714B9288}.Debug|Any CPU.ActiveCfg = Debug|Any CPU
		{66645154-A183-7C14-5D63-295B714B9288}.Debug|Any CPU.Build.0 = Debug|Any CPU
		{66645154-A183-7C14-5D63-295B714B9288}.Release|Any CPU.ActiveCfg = Release|Any CPU
		{66645154-A183-7C14-5D63-295B714B9288}.Release|Any CPU.Build.0 = Release|Any CPU
	EndGlobalSection
	GlobalSection(SolutionProperties) = preSolution
		HideSolutionNode = FALSE
	EndGlobalSection
	GlobalSection(ExtensibilityGlobals) = postSolution
		SolutionGuid = {9C343CD6-C3F8-40B8-95A0-C1098E51B3F3}
	EndGlobalSection
EndGlobal
